{
  "nodes": {
    "home-manager": {
      "inputs": {
        "nixpkgs": [
          "nixpkgs"
        ]
      },
      "locked": {
        "lastModified": 1789267039,
        "narHash": "sha256-LWiBv9yAYFi2LPbUhDGHPGKYskJQjj2fw12OlyO1uQo=",
        "owner": "nix-community",
        "repo": "home-manager",
        "rev": "ec172013fa62135f58fb58dd17ae9651e8f39727",
        "type": "github"
      },
      "original": {
        "owner": "nix-community",
        "ref": "release-26.05",
        "repo": "home-manager",
        "type": "github"
      }
    },
    "hypr-config": {
      "flake": false,
      "locked": {
        "lastModified": 1789921206,
        "narHash": "sha256-21J9r4OQ6fev6YBLYjbjbIGrUoITeG9r5kKxJxn73wc=",
        "owner": "Orbit-Lua",
        "repo": "hypr",
        "rev": "4bb8fd3771ff9ba9f745b09e64aaa2f6feab5106",
        "type": "github"
      },
      "original": {
        "owner": "Orbit-Lua",
        "repo": "hypr",
        "type": "github"
      }
    },
    "nixpkgs": {
      "locked": {
        "lastModified": 1789885152,
        "narHash": "sha256-mDNo95riUw8k0MA2Btzj/OuiMcfLKofqIliLYsLbrSY=",
        "owner": "NixOS",
        "repo": "nixpkgs",
        "rev": "6d663c0533ff269008fb84e45930151e37c99db9",
        "type": "github"
      },
      "original": {
        "owner": "NixOS",
        "ref": "nixos-26.05",
        "repo": "nixpkgs",
        "type": "github"
      }
    },
    "nvim-config": {
      "flake": false,
      "locked": {
        "lastModified": 1789783810,
        "narHash": "sha256-U2JaktWyowjjgw4Ddm1K+fM3q9SbaTlhuajtVlB6QY4=",
        "owner": "Orbit-Lua",
        "repo": "orbitvim",
        "rev": "fcc5296820c22ec5aff6357d15df153194a56a20",
        "type": "github"
      },
      "original": {
        "owner": "Orbit-Lua",
        "repo": "orbitvim",
        "type": "github"
      }
    },
    "personal-agent": {
      "inputs": {
        "nixpkgs": [
          "nixpkgs"
        ],
        "pyproject-build-systems": "pyproject-build-systems",
        "pyproject-nix": "pyproject-nix",
        "uv2nix": "uv2nix"
      },
      "locked": {
        "lastModified": 1789898863,
        "narHash": "sha256-/5lbLy4TH+R0cZ7o4e6EB/Q/ylhk6oe/fIuCzHHhCQ8=",
        "owner": "gin31259461",
        "repo": "personal-agent",
        "rev": "5d414d3acf6f04418b96c95093744f0eff040058",
        "type": "github"
      },
      "original": {
        "owner": "gin31259461",
        "repo": "personal-agent",
        "type": "github"
      }
    },
    "pyproject-build-systems": {
      "inputs": {
        "nixpkgs": [
          "personal-agent",
          "nixpkgs"
        ],
        "pyproject-nix": [
          "personal-agent",
          "pyproject-nix"
        ],
        "uv2nix": [
          "personal-agent",
          "uv2nix"
        ]
      },
      "locked": {
        "lastModified": 1789356010,
        "narHash": "sha256-Oj0KSZSEaGeYMXFFc2u7eb9Pqw0zcpU8/wJFLRRuD5c=",
        "owner": "pyproject-nix",
        "repo": "build-system-pkgs",
        "rev": "e97f24221b3e1b9a6b492a7137b499031be6f078",
        "type": "github"
      },
      "original": {
        "owner": "pyproject-nix",
        "repo": "build-system-pkgs",
        "type": "github"
      }
    },
    "pyproject-nix": {
      "inputs": {
        "nixpkgs": [
          "personal-agent",
          "nixpkgs"
        ]
      },
      "locked": {
        "lastModified": 1788394333,
        "narHash": "sha256-xYOP0Xym1eVGUaHFx+eJEaycFGoiCbst3fZf0xFHP78=",
        "owner": "pyproject-nix",
        "repo": "pyproject.nix",
        "rev": "6a8a7881d75b6f98967e7b8069f4ead331384301",
        "type": "github"
      },
      "original": {
        "owner": "pyproject-nix",
        "repo": "pyproject.nix",
        "type": "github"
      }
    },
    "root": {
      "inputs": {
        "home-manager": "home-manager",
        "hypr-config": "hypr-config",
        "nixpkgs": "nixpkgs",
        "nvim-config": "nvim-config",
        "personal-agent": "personal-agent"
      }
    },
    "uv2nix": {
      "inputs": {
        "nixpkgs": [
          "personal-agent",
          "nixpkgs"
        ],
        "pyproject-nix": [
          "personal-agent",
          "pyproject-nix"
        ]
      },
      "locked": {
        "lastModified": 1789383061,
        "narHash": "sha256-+DkygIVr/+RtXnsjd07BzFFB0ihwmjjLuYh1fyc/bCg=",
        "owner": "pyproject-nix",
        "repo": "uv2nix",
        "rev": "079be4e68c529c4cbc44dbf1afc692e4b30695b3",
        "type": "github"
      },
      "original": {
        "owner": "pyproject-nix",
        "repo": "uv2nix",
        "type": "github"
      }
    }
  },
  "root": "root",
  "version": 7
}
